
Microsoft Visual Studio Solution File, Format Version 12.00
# Visual Studio 15
VisualStudioVersion = 15.0.27428.2043
MinimumVisualStudioVersion = 10.0.40219.1
Project("{FAE04EC0-301F-11D3-BF4B-00C04F79EFBC}") = "KPO4311_ddi.Main", "KPO4311_ddi.Main\KPO4311_ddi.Main.csproj", "{3C5B3A61-27BB-431A-A671-5947B21366C8}"
EndProject
Project("{FAE04EC0-301F-11D3-BF4B-00C04F79EFBC}") = "KPO4311_ddi.Lib", "KPO4311_ddi.Lib\KPO4311_ddi.Lib.csproj", "{83A69014-CD21-4550-AACE-549096CB30EB}"
EndProject
Global
	GlobalSection(SolutionConfigurationPlatforms) = preSolution
		Debug|Any CPU = Debug|Any CPU
		Release|Any CPU = Release|Any CPU
	EndGlobalSection
	GlobalSection(ProjectConfigurationPlatforms) = postSolution
		{3C5B3A61-27BB-431A-A671-5947B21366C8}.Debug|Any CPU.ActiveCfg = Debug|Any CPU
		{3C5B3A61-27BB-431A-A671-5947B21366C8}.Debug|Any CPU.Build.0 = Debug|Any CPU
		{3C5B3A61-27BB-431A-A671-5947B21366C8}.Release|Any CPU.ActiveCfg = Release|Any CPU
		{3C5B3A61-27BB-431A-A671-5947B21366C8}.Release|Any CPU.Build.0 = Release|Any CPU
		{83A69014-CD21-4550-AACE-549096CB30EB}.Debug|Any CPU.ActiveCfg = Debug|Any CPU
		{83A69014-CD21-4550-AACE-549096CB30EB}.Debug|Any CPU.Build.0 = Debug|Any CPU
		{83A69014-CD21-4550-AACE-549096CB30EB}.Release|Any CPU.ActiveCfg = Release|Any CPU
		{83A69014-CD21-4550-AACE-549096CB30EB}.Release|Any CPU.Build.0 = Release|Any CPU
	EndGlobalSection
	GlobalSection(SolutionProperties) = preSolution
		HideSolutionNode = FALSE
	EndGlobalSection
	GlobalSection(ExtensibilityGlobals) = postSolution
		SolutionGuid = {3E51BB51-F0C6-4599-9D72-DFF173CF94B1}
	EndGlobalSection
EndGlobal
